
Microsoft Visual Studio Solution File, Format Version 12.00
Project("{FAE04EC0-301F-11D3-BF4B-00C04F79EFBC}") = "Circles.Profiles.Interfaces", "Circles.Profiles.Interfaces\Circles.Profiles.Interfaces.csproj", "{00A00344-9ABD-49C9-8334-3F754522F44D}"
EndProject
Project("{FAE04EC0-301F-11D3-BF4B-00C04F79EFBC}") = "Circles.Profiles.Models", "Circles.Profiles.Models\Circles.Profiles.Models.csproj", "{CD2305A3-924B-4C8A-9F7F-34A3F5CF1F2B}"
EndProject
Project("{FAE04EC0-301F-11D3-BF4B-00C04F79EFBC}") = "Circles.Profiles.Sdk", "Circles.Profiles.Sdk\Circles.Profiles.Sdk.csproj", "{BE9D7243-6A56-49E8-8811-EF4476BD5033}"
EndProject
Project("{FAE04EC0-301F-11D3-BF4B-00C04F79EFBC}") = "Circles.Profiles.Sdk.Tests", "Circles.Profiles.Sdk.Tests\Circles.Profiles.Sdk.Tests.csproj", "{883ED8DD-AFE2-4954-A328-BBD35F75172E}"
EndProject
Project("{2150E333-8FDC-42A3-9474-1A3956D46DE8}") = "Documents", "Documents", "{3BA9C6F1-C2C6-4D78-941B-9E54F07057BA}"
	ProjectSection(SolutionItems) = preProject
		README.md = README.md
		protocol-spec.md = protocol-spec.md
		proposer-pattern.md = proposer-pattern.md
		aggregator-pattern.md = aggregator-pattern.md
		paid-dms.md = paid-dms.md
		product-catalog.md = product-catalog.md
		SPEC-INDEX.md = SPEC-INDEX.md
	EndProjectSection
EndProject
Project("{FAE04EC0-301F-11D3-BF4B-00C04F79EFBC}") = "Circles.RealSafeE2E", "Circles.RealSafeE2E\Circles.RealSafeE2E.csproj", "{5E09C14D-6E1B-4976-970A-5A463DA5C4B8}"
EndProject
Project("{FAE04EC0-301F-11D3-BF4B-00C04F79EFBC}") = "Circles.PayloadSignerApi", "Circles.PayloadSignerApi\Circles.PayloadSignerApi.csproj", "{A5D5D7A1-6B7E-4F7B-8D8C-8C2B7F4D9A10}"
EndProject
Project("{2150E333-8FDC-42A3-9474-1A3956D46DE8}") = "Tools", "Tools", "{2E410937-A614-4FE7-80C6-B721F2BE158D}"
EndProject
Project("{FAE04EC0-301F-11D3-BF4B-00C04F79EFBC}") = "Circles.Profile.UI", "Circles.Profile.UI\Circles.Profile.UI.csproj", "{10839E09-11C5-47BB-A69C-04A2E8E51FD0}"
EndProject
Project("{FAE04EC0-301F-11D3-BF4B-00C04F79EFBC}") = "Circles.Profiles.Safe", "Circles.Profiles.Safe\Circles.Profiles.Safe.csproj", "{0BADDD7A-3350-49E2-9300-D37999021839}"
EndProject
Project("{FAE04EC0-301F-11D3-BF4B-00C04F79EFBC}") = "Circles.Profiles.Tool", "Circles.Profiles.Tool\Circles.Profiles.Tool.csproj", "{FFD57920-95A8-4B96-A9E5-8D291F5F2A4A}"
EndProject
Global
	GlobalSection(SolutionConfigurationPlatforms) = preSolution
		Debug|Any CPU = Debug|Any CPU
		Release|Any CPU = Release|Any CPU
	EndGlobalSection
	GlobalSection(ProjectConfigurationPlatforms) = postSolution
		{00A00344-9ABD-49C9-8334-3F754522F44D}.Debug|Any CPU.ActiveCfg = Debug|Any CPU
		{00A00344-9ABD-49C9-8334-3F754522F44D}.Debug|Any CPU.Build.0 = Debug|Any CPU
		{00A00344-9ABD-49C9-8334-3F754522F44D}.Release|Any CPU.ActiveCfg = Release|Any CPU
		{00A00344-9ABD-49C9-8334-3F754522F44D}.Release|Any CPU.Build.0 = Release|Any CPU
		{CD2305A3-924B-4C8A-9F7F-34A3F5CF1F2B}.Debug|Any CPU.ActiveCfg = Debug|Any CPU
		{CD2305A3-924B-4C8A-9F7F-34A3F5CF1F2B}.Debug|Any CPU.Build.0 = Debug|Any CPU
		{CD2305A3-924B-4C8A-9F7F-34A3F5CF1F2B}.Release|Any CPU.ActiveCfg = Release|Any CPU
		{CD2305A3-924B-4C8A-9F7F-34A3F5CF1F2B}.Release|Any CPU.Build.0 = Release|Any CPU
		{BE9D7243-6A56-49E8-8811-EF4476BD5033}.Debug|Any CPU.ActiveCfg = Debug|Any CPU
		{BE9D7243-6A56-49E8-8811-EF4476BD5033}.Debug|Any CPU.Build.0 = Debug|Any CPU
		{BE9D7243-6A56-49E8-8811-EF4476BD5033}.Release|Any CPU.ActiveCfg = Release|Any CPU
		{BE9D7243-6A56-49E8-8811-EF4476BD5033}.Release|Any CPU.Build.0 = Release|Any CPU
		{883ED8DD-AFE2-4954-A328-BBD35F75172E}.Debug|Any CPU.ActiveCfg = Debug|Any CPU
		{883ED8DD-AFE2-4954-A328-BBD35F75172E}.Debug|Any CPU.Build.0 = Debug|Any CPU
		{883ED8DD-AFE2-4954-A328-BBD35F75172E}.Release|Any CPU.ActiveCfg = Release|Any CPU
		{883ED8DD-AFE2-4954-A328-BBD35F75172E}.Release|Any CPU.Build.0 = Release|Any CPU
		{5E09C14D-6E1B-4976-970A-5A463DA5C4B8}.Debug|Any CPU.ActiveCfg = Debug|Any CPU
		{5E09C14D-6E1B-4976-970A-5A463DA5C4B8}.Debug|Any CPU.Build.0 = Debug|Any CPU
		{5E09C14D-6E1B-4976-970A-5A463DA5C4B8}.Release|Any CPU.ActiveCfg = Release|Any CPU
		{5E09C14D-6E1B-4976-970A-5A463DA5C4B8}.Release|Any CPU.Build.0 = Release|Any CPU
		{10839E09-11C5-47BB-A69C-04A2E8E51FD0}.Debug|Any CPU.ActiveCfg = Debug|Any CPU
		{10839E09-11C5-47BB-A69C-04A2E8E51FD0}.Debug|Any CPU.Build.0 = Debug|Any CPU
		{10839E09-11C5-47BB-A69C-04A2E8E51FD0}.Release|Any CPU.ActiveCfg = Release|Any CPU
		{10839E09-11C5-47BB-A69C-04A2E8E51FD0}.Release|Any CPU.Build.0 = Release|Any CPU
		{0BADDD7A-3350-49E2-9300-D37999021839}.Debug|Any CPU.ActiveCfg = Debug|Any CPU
		{0BADDD7A-3350-49E2-9300-D37999021839}.Debug|Any CPU.Build.0 = Debug|Any CPU
		{0BADDD7A-3350-49E2-9300-D37999021839}.Release|Any CPU.ActiveCfg = Release|Any CPU
		{0BADDD7A-3350-49E2-9300-D37999021839}.Release|Any CPU.Build.0 = Release|Any CPU
		{A5D5D7A1-6B7E-4F7B-8D8C-8C2B7F4D9A10}.Debug|Any CPU.ActiveCfg = Debug|Any CPU
		{A5D5D7A1-6B7E-4F7B-8D8C-8C2B7F4D9A10}.Debug|Any CPU.Build.0 = Debug|Any CPU
		{A5D5D7A1-6B7E-4F7B-8D8C-8C2B7F4D9A10}.Release|Any CPU.ActiveCfg = Release|Any CPU
		{A5D5D7A1-6B7E-4F7B-8D8C-8C2B7F4D9A10}.Release|Any CPU.Build.0 = Release|Any CPU
		{FFD57920-95A8-4B96-A9E5-8D291F5F2A4A}.Debug|Any CPU.ActiveCfg = Debug|Any CPU
		{FFD57920-95A8-4B96-A9E5-8D291F5F2A4A}.Debug|Any CPU.Build.0 = Debug|Any CPU
		{FFD57920-95A8-4B96-A9E5-8D291F5F2A4A}.Release|Any CPU.ActiveCfg = Release|Any CPU
		{FFD57920-95A8-4B96-A9E5-8D291F5F2A4A}.Release|Any CPU.Build.0 = Release|Any CPU
	EndGlobalSection
	GlobalSection(NestedProjects) = preSolution
		{10839E09-11C5-47BB-A69C-04A2E8E51FD0} = {2E410937-A614-4FE7-80C6-B721F2BE158D}
		{0BADDD7A-3350-49E2-9300-D37999021839} = {2E410937-A614-4FE7-80C6-B721F2BE158D}
		{FFD57920-95A8-4B96-A9E5-8D291F5F2A4A} = {2E410937-A614-4FE7-80C6-B721F2BE158D}
	EndGlobalSection
EndGlobal
